
Microsoft Visual Studio Solution File, Format Version 12.00
# Visual Studio Version 17
VisualStudioVersion = 17.3.32505.426
MinimumVisualStudioVersion = 10.0.40219.1
Project("{D954291E-2A0B-460D-934E-DC6B0785DB48}") = "ArainUI.Shared", "ArainUI\ArainUI.Shared\ArainUI.Shared.shproj", "{6279C845-92F8-4333-AB99-3D213163593C}"
EndProject
Project("{2150E333-8FDC-42A3-9474-1A3956D46DE8}") = "Platforms", "Platforms", "{3A2BCC14-BA6D-4DFC-A4BB-1C4942094F72}"
EndProject
Project("{FAE04EC0-301F-11D3-BF4B-00C04F79EFBC}") = "ArainUI.Droid", "ArainUI\ArainUI.Droid\ArainUI.Droid.csproj", "{3F3D04A5-1CAC-4ED7-89E3-A21AC7B37B9F}"
	ProjectSection(ProjectDependencies) = postProject
		{FA4D6B59-BD18-4203-B6CA-64A6F4898D53} = {FA4D6B59-BD18-4203-B6CA-64A6F4898D53}
	EndProjectSection
EndProject
Project("{FAE04EC0-301F-11D3-BF4B-00C04F79EFBC}") = "ArainUI.UWP", "ArainUI\ArainUI.UWP\ArainUI.UWP.csproj", "{274E33FD-EE46-40ED-9097-42671126D606}"
	ProjectSection(ProjectDependencies) = postProject
		{FA4D6B59-BD18-4203-B6CA-64A6F4898D53} = {FA4D6B59-BD18-4203-B6CA-64A6F4898D53}
	EndProjectSection
EndProject
Project("{9A19103F-16F7-4668-BE54-9A1E7A4F7556}") = "ArainUI.Wasm", "ArainUI\ArainUI.Wasm\ArainUI.Wasm.csproj", "{369A343F-57C7-40EF-A10F-8497908292B5}"
	ProjectSection(ProjectDependencies) = postProject
		{FA4D6B59-BD18-4203-B6CA-64A6F4898D53} = {FA4D6B59-BD18-4203-B6CA-64A6F4898D53}
	EndProjectSection
EndProject
Project("{9A19103F-16F7-4668-BE54-9A1E7A4F7556}") = "ArainUI.Skia.Wpf.Host", "ArainUI\ArainUI.Skia.Wpf.Host\ArainUI.Skia.Wpf.Host.csproj", "{91F8BEBF-2F80-4070-B9E3-D8533035F4E9}"
	ProjectSection(ProjectDependencies) = postProject
		{FA4D6B59-BD18-4203-B6CA-64A6F4898D53} = {FA4D6B59-BD18-4203-B6CA-64A6F4898D53}
	EndProjectSection
EndProject
Project("{9A19103F-16F7-4668-BE54-9A1E7A4F7556}") = "ArainUI.Skia.Wpf", "ArainUI\ArainUI.Skia.Wpf\ArainUI.Skia.Wpf.csproj", "{06901075-16CF-4ABD-A50A-8F9D019079A7}"
	ProjectSection(ProjectDependencies) = postProject
		{FA4D6B59-BD18-4203-B6CA-64A6F4898D53} = {FA4D6B59-BD18-4203-B6CA-64A6F4898D53}
	EndProjectSection
EndProject
Project("{9A19103F-16F7-4668-BE54-9A1E7A4F7556}") = "ArainUI.Skia.Gtk", "ArainUI\ArainUI.Skia.Gtk\ArainUI.Skia.Gtk.csproj", "{0D915FBB-459A-4339-9AAF-9F9313DD474E}"
	ProjectSection(ProjectDependencies) = postProject
		{FA4D6B59-BD18-4203-B6CA-64A6F4898D53} = {FA4D6B59-BD18-4203-B6CA-64A6F4898D53}
	EndProjectSection
EndProject
Project("{9A19103F-16F7-4668-BE54-9A1E7A4F7556}") = "ArainUI.Skia.Tizen", "ArainUI\ArainUI.Skia.Tizen\ArainUI.Skia.Tizen.csproj", "{44B7DE39-9E30-4518-82F3-878508CF8BAD}"
	ProjectSection(ProjectDependencies) = postProject
		{FA4D6B59-BD18-4203-B6CA-64A6F4898D53} = {FA4D6B59-BD18-4203-B6CA-64A6F4898D53}
	EndProjectSection
EndProject
Project("{9A19103F-16F7-4668-BE54-9A1E7A4F7556}") = "TournamentAssistantShared", "..\TournamentAssistant\TournamentAssistantShared\TournamentAssistantShared.csproj", "{FA4D6B59-BD18-4203-B6CA-64A6F4898D53}"
EndProject
Global
	GlobalSection(SolutionConfigurationPlatforms) = preSolution
		Debug|Any CPU = Debug|Any CPU
		Debug|ARM = Debug|ARM
		Debug|ARM64 = Debug|ARM64
		Debug|x64 = Debug|x64
		Debug|x86 = Debug|x86
		Release|Any CPU = Release|Any CPU
		Release|ARM = Release|ARM
		Release|ARM64 = Release|ARM64
		Release|x64 = Release|x64
		Release|x86 = Release|x86
	EndGlobalSection
	GlobalSection(ProjectConfigurationPlatforms) = postSolution
		{3F3D04A5-1CAC-4ED7-89E3-A21AC7B37B9F}.Debug|Any CPU.ActiveCfg = Debug|Any CPU
		{3F3D04A5-1CAC-4ED7-89E3-A21AC7B37B9F}.Debug|Any CPU.Build.0 = Debug|Any CPU
		{3F3D04A5-1CAC-4ED7-89E3-A21AC7B37B9F}.Debug|Any CPU.Deploy.0 = Debug|Any CPU
		{3F3D04A5-1CAC-4ED7-89E3-A21AC7B37B9F}.Debug|ARM.ActiveCfg = Debug|Any CPU
		{3F3D04A5-1CAC-4ED7-89E3-A21AC7B37B9F}.Debug|ARM.Build.0 = Debug|Any CPU
		{3F3D04A5-1CAC-4ED7-89E3-A21AC7B37B9F}.Debug|ARM.Deploy.0 = Debug|Any CPU
		{3F3D04A5-1CAC-4ED7-89E3-A21AC7B37B9F}.Debug|ARM64.ActiveCfg = Debug|Any CPU
		{3F3D04A5-1CAC-4ED7-89E3-A21AC7B37B9F}.Debug|ARM64.Build.0 = Debug|Any CPU
		{3F3D04A5-1CAC-4ED7-89E3-A21AC7B37B9F}.Debug|ARM64.Deploy.0 = Debug|Any CPU
		{3F3D04A5-1CAC-4ED7-89E3-A21AC7B37B9F}.Debug|x64.ActiveCfg = Debug|Any CPU
		{3F3D04A5-1CAC-4ED7-89E3-A21AC7B37B9F}.Debug|x64.Build.0 = Debug|Any CPU
		{3F3D04A5-1CAC-4ED7-89E3-A21AC7B37B9F}.Debug|x64.Deploy.0 = Debug|Any CPU
		{3F3D04A5-1CAC-4ED7-89E3-A21AC7B37B9F}.Debug|x86.ActiveCfg = Debug|Any CPU
		{3F3D04A5-1CAC-4ED7-89E3-A21AC7B37B9F}.Debug|x86.Build.0 = Debug|Any CPU
		{3F3D04A5-1CAC-4ED7-89E3-A21AC7B37B9F}.Debug|x86.Deploy.0 = Debug|Any CPU
		{3F3D04A5-1CAC-4ED7-89E3-A21AC7B37B9F}.Release|Any CPU.ActiveCfg = Release|Any CPU
		{3F3D04A5-1CAC-4ED7-89E3-A21AC7B37B9F}.Release|Any CPU.Build.0 = Release|Any CPU
		{3F3D04A5-1CAC-4ED7-89E3-A21AC7B37B9F}.Release|Any CPU.Deploy.0 = Release|Any CPU
		{3F3D04A5-1CAC-4ED7-89E3-A21AC7B37B9F}.Release|ARM.ActiveCfg = Release|Any CPU
		{3F3D04A5-1CAC-4ED7-89E3-A21AC7B37B9F}.Release|ARM.Build.0 = Release|Any CPU
		{3F3D04A5-1CAC-4ED7-89E3-A21AC7B37B9F}.Release|ARM.Deploy.0 = Release|Any CPU
		{3F3D04A5-1CAC-4ED7-89E3-A21AC7B37B9F}.Release|ARM64.ActiveCfg = Release|Any CPU
		{3F3D04A5-1CAC-4ED7-89E3-A21AC7B37B9F}.Release|ARM64.Build.0 = Release|Any CPU
		{3F3D04A5-1CAC-4ED7-89E3-A21AC7B37B9F}.Release|ARM64.Deploy.0 = Release|Any CPU
		{3F3D04A5-1CAC-4ED7-89E3-A21AC7B37B9F}.Release|x64.ActiveCfg = Release|Any CPU
		{3F3D04A5-1CAC-4ED7-89E3-A21AC7B37B9F}.Release|x64.Build.0 = Release|Any CPU
		{3F3D04A5-1CAC-4ED7-89E3-A21AC7B37B9F}.Release|x64.Deploy.0 = Release|Any CPU
		{3F3D04A5-1CAC-4ED7-89E3-A21AC7B37B9F}.Release|x86.ActiveCfg = Release|Any CPU
		{3F3D04A5-1CAC-4ED7-89E3-A21AC7B37B9F}.Release|x86.Build.0 = Release|Any CPU
		{3F3D04A5-1CAC-4ED7-89E3-A21AC7B37B9F}.Release|x86.Deploy.0 = Release|Any CPU
		{274E33FD-EE46-40ED-9097-42671126D606}.Debug|Any CPU.ActiveCfg = Debug|x64
		{274E33FD-EE46-40ED-9097-42671126D606}.Debug|Any CPU.Build.0 = Debug|x64
		{274E33FD-EE46-40ED-9097-42671126D606}.Debug|Any CPU.Deploy.0 = Debug|x64
		{274E33FD-EE46-40ED-9097-42671126D606}.Debug|ARM.ActiveCfg = Debug|ARM
		{274E33FD-EE46-40ED-9097-42671126D606}.Debug|ARM.Build.0 = Debug|ARM
		{274E33FD-EE46-40ED-9097-42671126D606}.Debug|ARM.Deploy.0 = Debug|ARM
		{274E33FD-EE46-40ED-9097-42671126D606}.Debug|ARM64.ActiveCfg = Debug|ARM64
		{274E33FD-EE46-40ED-9097-42671126D606}.Debug|ARM64.Build.0 = Debug|ARM64
		{274E33FD-EE46-40ED-9097-42671126D606}.Debug|ARM64.Deploy.0 = Debug|ARM64
		{274E33FD-EE46-40ED-9097-42671126D606}.Debug|x64.ActiveCfg = Debug|x64
		{274E33FD-EE46-40ED-9097-42671126D606}.Debug|x64.Build.0 = Debug|x64
		{274E33FD-EE46-40ED-9097-42671126D606}.Debug|x64.Deploy.0 = Debug|x64
		{274E33FD-EE46-40ED-9097-42671126D606}.Debug|x86.ActiveCfg = Debug|x86
		{274E33FD-EE46-40ED-9097-42671126D606}.Debug|x86.Build.0 = Debug|x86
		{274E33FD-EE46-40ED-9097-42671126D606}.Debug|x86.Deploy.0 = Debug|x86
		{274E33FD-EE46-40ED-9097-42671126D606}.Release|Any CPU.ActiveCfg = Release|x64
		{274E33FD-EE46-40ED-9097-42671126D606}.Release|Any CPU.Build.0 = Release|x64
		{274E33FD-EE46-40ED-9097-42671126D606}.Release|Any CPU.Deploy.0 = Release|x64
		{274E33FD-EE46-40ED-9097-42671126D606}.Release|ARM.ActiveCfg = Release|ARM
		{274E33FD-EE46-40ED-9097-42671126D606}.Release|ARM.Build.0 = Release|ARM
		{274E33FD-EE46-40ED-9097-42671126D606}.Release|ARM.Deploy.0 = Release|ARM
		{274E33FD-EE46-40ED-9097-42671126D606}.Release|ARM64.ActiveCfg = Release|ARM64
		{274E33FD-EE46-40ED-9097-42671126D606}.Release|ARM64.Build.0 = Release|ARM64
		{274E33FD-EE46-40ED-9097-42671126D606}.Release|ARM64.Deploy.0 = Release|ARM64
		{274E33FD-EE46-40ED-9097-42671126D606}.Release|x64.ActiveCfg = Release|x64
		{274E33FD-EE46-40ED-9097-42671126D606}.Release|x64.Build.0 = Release|x64
		{274E33FD-EE46-40ED-9097-42671126D606}.Release|x64.Deploy.0 = Release|x64
		{274E33FD-EE46-40ED-9097-42671126D606}.Release|x86.ActiveCfg = Release|x86
		{274E33FD-EE46-40ED-9097-42671126D606}.Release|x86.Build.0 = Release|x86
		{274E33FD-EE46-40ED-9097-42671126D606}.Release|x86.Deploy.0 = Release|x86
		{369A343F-57C7-40EF-A10F-8497908292B5}.Debug|Any CPU.ActiveCfg = Debug|Any CPU
		{369A343F-57C7-40EF-A10F-8497908292B5}.Debug|Any CPU.Build.0 = Debug|Any CPU
		{369A343F-57C7-40EF-A10F-8497908292B5}.Debug|ARM.ActiveCfg = Debug|Any CPU
		{369A343F-57C7-40EF-A10F-8497908292B5}.Debug|ARM.Build.0 = Debug|Any CPU
		{369A343F-57C7-40EF-A10F-8497908292B5}.Debug|ARM64.ActiveCfg = Debug|Any CPU
		{369A343F-57C7-40EF-A10F-8497908292B5}.Debug|ARM64.Build.0 = Debug|Any CPU
		{369A343F-57C7-40EF-A10F-8497908292B5}.Debug|x64.ActiveCfg = Debug|Any CPU
		{369A343F-57C7-40EF-A10F-8497908292B5}.Debug|x64.Build.0 = Debug|Any CPU
		{369A343F-57C7-40EF-A10F-8497908292B5}.Debug|x86.ActiveCfg = Debug|Any CPU
		{369A343F-57C7-40EF-A10F-8497908292B5}.Debug|x86.Build.0 = Debug|Any CPU
		{369A343F-57C7-40EF-A10F-8497908292B5}.Release|Any CPU.ActiveCfg = Release|Any CPU
		{369A343F-57C7-40EF-A10F-8497908292B5}.Release|Any CPU.Build.0 = Release|Any CPU
		{369A343F-57C7-40EF-A10F-8497908292B5}.Release|ARM.ActiveCfg = Release|Any CPU
		{369A343F-57C7-40EF-A10F-8497908292B5}.Release|ARM.Build.0 = Release|Any CPU
		{369A343F-57C7-40EF-A10F-8497908292B5}.Release|ARM64.ActiveCfg = Release|Any CPU
		{369A343F-57C7-40EF-A10F-8497908292B5}.Release|ARM64.Build.0 = Release|Any CPU
		{369A343F-57C7-40EF-A10F-8497908292B5}.Release|x64.ActiveCfg = Release|Any CPU
		{369A343F-57C7-40EF-A10F-8497908292B5}.Release|x64.Build.0 = Release|Any CPU
		{369A343F-57C7-40EF-A10F-8497908292B5}.Release|x86.ActiveCfg = Release|Any CPU
		{369A343F-57C7-40EF-A10F-8497908292B5}.Release|x86.Build.0 = Release|Any CPU
		{91F8BEBF-2F80-4070-B9E3-D8533035F4E9}.Debug|Any CPU.ActiveCfg = Debug|Any CPU
		{91F8BEBF-2F80-4070-B9E3-D8533035F4E9}.Debug|Any CPU.Build.0 = Debug|Any CPU
		{91F8BEBF-2F80-4070-B9E3-D8533035F4E9}.Debug|ARM.ActiveCfg = Debug|Any CPU
		{91F8BEBF-2F80-4070-B9E3-D8533035F4E9}.Debug|ARM.Build.0 = Debug|Any CPU
		{91F8BEBF-2F80-4070-B9E3-D8533035F4E9}.Debug|ARM64.ActiveCfg = Debug|Any CPU
		{91F8BEBF-2F80-4070-B9E3-D8533035F4E9}.Debug|ARM64.Build.0 = Debug|Any CPU
		{91F8BEBF-2F80-4070-B9E3-D8533035F4E9}.Debug|x64.ActiveCfg = Debug|Any CPU
		{91F8BEBF-2F80-4070-B9E3-D8533035F4E9}.Debug|x64.Build.0 = Debug|Any CPU
		{91F8BEBF-2F80-4070-B9E3-D8533035F4E9}.Debug|x86.ActiveCfg = Debug|Any CPU
		{91F8BEBF-2F80-4070-B9E3-D8533035F4E9}.Debug|x86.Build.0 = Debug|Any CPU
		{91F8BEBF-2F80-4070-B9E3-D8533035F4E9}.Release|Any CPU.ActiveCfg = Release|Any CPU
		{91F8BEBF-2F80-4070-B9E3-D8533035F4E9}.Release|Any CPU.Build.0 = Release|Any CPU
		{91F8BEBF-2F80-4070-B9E3-D8533035F4E9}.Release|ARM.ActiveCfg = Release|Any CPU
		{91F8BEBF-2F80-4070-B9E3-D8533035F4E9}.Release|ARM.Build.0 = Release|Any CPU
		{91F8BEBF-2F80-4070-B9E3-D8533035F4E9}.Release|ARM64.ActiveCfg = Release|Any CPU
		{91F8BEBF-2F80-4070-B9E3-D8533035F4E9}.Release|ARM64.Build.0 = Release|Any CPU
		{91F8BEBF-2F80-4070-B9E3-D8533035F4E9}.Release|x64.ActiveCfg = Release|Any CPU
		{91F8BEBF-2F80-4070-B9E3-D8533035F4E9}.Release|x64.Build.0 = Release|Any CPU
		{91F8BEBF-2F80-4070-B9E3-D8533035F4E9}.Release|x86.ActiveCfg = Release|Any CPU
		{91F8BEBF-2F80-4070-B9E3-D8533035F4E9}.Release|x86.Build.0 = Release|Any CPU
		{06901075-16CF-4ABD-A50A-8F9D019079A7}.Debug|Any CPU.ActiveCfg = Debug|Any CPU
		{06901075-16CF-4ABD-A50A-8F9D019079A7}.Debug|Any CPU.Build.0 = Debug|Any CPU
		{06901075-16CF-4ABD-A50A-8F9D019079A7}.Debug|ARM.ActiveCfg = Debug|Any CPU
		{06901075-16CF-4ABD-A50A-8F9D019079A7}.Debug|ARM.Build.0 = Debug|Any CPU
		{06901075-16CF-4ABD-A50A-8F9D019079A7}.Debug|ARM64.ActiveCfg = Debug|Any CPU
		{06901075-16CF-4ABD-A50A-8F9D019079A7}.Debug|ARM64.Build.0 = Debug|Any CPU
		{06901075-16CF-4ABD-A50A-8F9D019079A7}.Debug|x64.ActiveCfg = Debug|Any CPU
		{06901075-16CF-4ABD-A50A-8F9D019079A7}.Debug|x64.Build.0 = Debug|Any CPU
		{06901075-16CF-4ABD-A50A-8F9D019079A7}.Debug|x86.ActiveCfg = Debug|Any CPU
		{06901075-16CF-4ABD-A50A-8F9D019079A7}.Debug|x86.Build.0 = Debug|Any CPU
		{06901075-16CF-4ABD-A50A-8F9D019079A7}.Release|Any CPU.ActiveCfg = Release|Any CPU
		{06901075-16CF-4ABD-A50A-8F9D019079A7}.Release|Any CPU.Build.0 = Release|Any CPU
		{06901075-16CF-4ABD-A50A-8F9D019079A7}.Release|ARM.ActiveCfg = Release|Any CPU
		{06901075-16CF-4ABD-A50A-8F9D019079A7}.Release|ARM.Build.0 = Release|Any CPU
		{06901075-16CF-4ABD-A50A-8F9D019079A7}.Release|ARM64.ActiveCfg = Release|Any CPU
		{06901075-16CF-4ABD-A50A-8F9D019079A7}.Release|ARM64.Build.0 = Release|Any CPU
		{06901075-16CF-4ABD-A50A-8F9D019079A7}.Release|x64.ActiveCfg = Release|Any CPU
		{06901075-16CF-4ABD-A50A-8F9D019079A7}.Release|x64.Build.0 = Release|Any CPU
		{06901075-16CF-4ABD-A50A-8F9D019079A7}.Release|x86.ActiveCfg = Release|Any CPU
		{06901075-16CF-4ABD-A50A-8F9D019079A7}.Release|x86.Build.0 = Release|Any CPU
		{0D915FBB-459A-4339-9AAF-9F9313DD474E}.Debug|Any CPU.ActiveCfg = Debug|Any CPU
		{0D915FBB-459A-4339-9AAF-9F9313DD474E}.Debug|Any CPU.Build.0 = Debug|Any CPU
		{0D915FBB-459A-4339-9AAF-9F9313DD474E}.Debug|ARM.ActiveCfg = Debug|Any CPU
		{0D915FBB-459A-4339-9AAF-9F9313DD474E}.Debug|ARM.Build.0 = Debug|Any CPU
		{0D915FBB-459A-4339-9AAF-9F9313DD474E}.Debug|ARM64.ActiveCfg = Debug|Any CPU
		{0D915FBB-459A-4339-9AAF-9F9313DD474E}.Debug|ARM64.Build.0 = Debug|Any CPU
		{0D915FBB-459A-4339-9AAF-9F9313DD474E}.Debug|x64.ActiveCfg = Debug|Any CPU
		{0D915FBB-459A-4339-9AAF-9F9313DD474E}.Debug|x64.Build.0 = Debug|Any CPU
		{0D915FBB-459A-4339-9AAF-9F9313DD474E}.Debug|x86.ActiveCfg = Debug|Any CPU
		{0D915FBB-459A-4339-9AAF-9F9313DD474E}.Debug|x86.Build.0 = Debug|Any CPU
		{0D915FBB-459A-4339-9AAF-9F9313DD474E}.Release|Any CPU.ActiveCfg = Release|Any CPU
		{0D915FBB-459A-4339-9AAF-9F9313DD474E}.Release|Any CPU.Build.0 = Release|Any CPU
		{0D915FBB-459A-4339-9AAF-9F9313DD474E}.Release|ARM.ActiveCfg = Release|Any CPU
		{0D915FBB-459A-4339-9AAF-9F9313DD474E}.Release|ARM.Build.0 = Release|Any CPU
		{0D915FBB-459A-4339-9AAF-9F9313DD474E}.Release|ARM64.ActiveCfg = Release|Any CPU
		{0D915FBB-459A-4339-9AAF-9F9313DD474E}.Release|ARM64.Build.0 = Release|Any CPU
		{0D915FBB-459A-4339-9AAF-9F9313DD474E}.Release|x64.ActiveCfg = Release|Any CPU
		{0D915FBB-459A-4339-9AAF-9F9313DD474E}.Release|x64.Build.0 = Release|Any CPU
		{0D915FBB-459A-4339-9AAF-9F9313DD474E}.Release|x86.ActiveCfg = Release|Any CPU
		{0D915FBB-459A-4339-9AAF-9F9313DD474E}.Release|x86.Build.0 = Release|Any CPU
		{44B7DE39-9E30-4518-82F3-878508CF8BAD}.Debug|Any CPU.ActiveCfg = Debug|Any CPU
		{44B7DE39-9E30-4518-82F3-878508CF8BAD}.Debug|Any CPU.Build.0 = Debug|Any CPU
		{44B7DE39-9E30-4518-82F3-878508CF8BAD}.Debug|ARM.ActiveCfg = Debug|Any CPU
		{44B7DE39-9E30-4518-82F3-878508CF8BAD}.Debug|ARM.Build.0 = Debug|Any CPU
		{44B7DE39-9E30-4518-82F3-878508CF8BAD}.Debug|ARM64.ActiveCfg = Debug|Any CPU
		{44B7DE39-9E30-4518-82F3-878508CF8BAD}.Debug|ARM64.Build.0 = Debug|Any CPU
		{44B7DE39-9E30-4518-82F3-878508CF8BAD}.Debug|x64.ActiveCfg = Debug|Any CPU
		{44B7DE39-9E30-4518-82F3-878508CF8BAD}.Debug|x64.Build.0 = Debug|Any CPU
		{44B7DE39-9E30-4518-82F3-878508CF8BAD}.Debug|x86.ActiveCfg = Debug|Any CPU
		{44B7DE39-9E30-4518-82F3-878508CF8BAD}.Debug|x86.Build.0 = Debug|Any CPU
		{44B7DE39-9E30-4518-82F3-878508CF8BAD}.Release|Any CPU.ActiveCfg = Release|Any CPU
		{44B7DE39-9E30-4518-82F3-878508CF8BAD}.Release|Any CPU.Build.0 = Release|Any CPU
		{44B7DE39-9E30-4518-82F3-878508CF8BAD}.Release|ARM.ActiveCfg = Release|Any CPU
		{44B7DE39-9E30-4518-82F3-878508CF8BAD}.Release|ARM.Build.0 = Release|Any CPU
		{44B7DE39-9E30-4518-82F3-878508CF8BAD}.Release|ARM64.ActiveCfg = Release|Any CPU
		{44B7DE39-9E30-4518-82F3-878508CF8BAD}.Release|ARM64.Build.0 = Release|Any CPU
		{44B7DE39-9E30-4518-82F3-878508CF8BAD}.Release|x64.ActiveCfg = Release|Any CPU
		{44B7DE39-9E30-4518-82F3-878508CF8BAD}.Release|x64.Build.0 = Release|Any CPU
		{44B7DE39-9E30-4518-82F3-878508CF8BAD}.Release|x86.ActiveCfg = Release|Any CPU
		{44B7DE39-9E30-4518-82F3-878508CF8BAD}.Release|x86.Build.0 = Release|Any CPU
		{FA4D6B59-BD18-4203-B6CA-64A6F4898D53}.Debug|Any CPU.ActiveCfg = Debug|Any CPU
		{FA4D6B59-BD18-4203-B6CA-64A6F4898D53}.Debug|Any CPU.Build.0 = Debug|Any CPU
		{FA4D6B59-BD18-4203-B6CA-64A6F4898D53}.Debug|ARM.ActiveCfg = Debug|Any CPU
		{FA4D6B59-BD18-4203-B6CA-64A6F4898D53}.Debug|ARM.Build.0 = Debug|Any CPU
		{FA4D6B59-BD18-4203-B6CA-64A6F4898D53}.Debug|ARM64.ActiveCfg = Debug|Any CPU
		{FA4D6B59-BD18-4203-B6CA-64A6F4898D53}.Debug|ARM64.Build.0 = Debug|Any CPU
		{FA4D6B59-BD18-4203-B6CA-64A6F4898D53}.Debug|x64.ActiveCfg = Debug|Any CPU
		{FA4D6B59-BD18-4203-B6CA-64A6F4898D53}.Debug|x64.Build.0 = Debug|Any CPU
		{FA4D6B59-BD18-4203-B6CA-64A6F4898D53}.Debug|x86.ActiveCfg = Debug|Any CPU
		{FA4D6B59-BD18-4203-B6CA-64A6F4898D53}.Debug|x86.Build.0 = Debug|Any CPU
		{FA4D6B59-BD18-4203-B6CA-64A6F4898D53}.Release|Any CPU.ActiveCfg = Release|Any CPU
		{FA4D6B59-BD18-4203-B6CA-64A6F4898D53}.Release|Any CPU.Build.0 = Release|Any CPU
		{FA4D6B59-BD18-4203-B6CA-64A6F4898D53}.Release|ARM.ActiveCfg = Release|Any CPU
		{FA4D6B59-BD18-4203-B6CA-64A6F4898D53}.Release|ARM.Build.0 = Release|Any CPU
		{FA4D6B59-BD18-4203-B6CA-64A6F4898D53}.Release|ARM64.ActiveCfg = Release|Any CPU
		{FA4D6B59-BD18-4203-B6CA-64A6F4898D53}.Release|ARM64.Build.0 = Release|Any CPU
		{FA4D6B59-BD18-4203-B6CA-64A6F4898D53}.Release|x64.ActiveCfg = Release|Any CPU
		{FA4D6B59-BD18-4203-B6CA-64A6F4898D53}.Release|x64.Build.0 = Release|Any CPU
		{FA4D6B59-BD18-4203-B6CA-64A6F4898D53}.Release|x86.ActiveCfg = Release|Any CPU
		{FA4D6B59-BD18-4203-B6CA-64A6F4898D53}.Release|x86.Build.0 = Release|Any CPU
	EndGlobalSection
	GlobalSection(SolutionProperties) = preSolution
		HideSolutionNode = FALSE
	EndGlobalSection
	GlobalSection(NestedProjects) = preSolution
		{3F3D04A5-1CAC-4ED7-89E3-A21AC7B37B9F} = {3A2BCC14-BA6D-4DFC-A4BB-1C4942094F72}
		{274E33FD-EE46-40ED-9097-42671126D606} = {3A2BCC14-BA6D-4DFC-A4BB-1C4942094F72}
		{369A343F-57C7-40EF-A10F-8497908292B5} = {3A2BCC14-BA6D-4DFC-A4BB-1C4942094F72}
		{91F8BEBF-2F80-4070-B9E3-D8533035F4E9} = {3A2BCC14-BA6D-4DFC-A4BB-1C4942094F72}
		{06901075-16CF-4ABD-A50A-8F9D019079A7} = {3A2BCC14-BA6D-4DFC-A4BB-1C4942094F72}
		{0D915FBB-459A-4339-9AAF-9F9313DD474E} = {3A2BCC14-BA6D-4DFC-A4BB-1C4942094F72}
		{44B7DE39-9E30-4518-82F3-878508CF8BAD} = {3A2BCC14-BA6D-4DFC-A4BB-1C4942094F72}
	EndGlobalSection
	GlobalSection(ExtensibilityGlobals) = postSolution
		SolutionGuid = {28299AA7-3621-4AB3-85FE-AD6CD646851C}
	EndGlobalSection
	GlobalSection(SharedMSBuildProjectFiles) = preSolution
		ArainUI\ArainUI.Shared\ArainUI.Shared.projitems*{06901075-16cf-4abd-a50a-8f9d019079a7}*SharedItemsImports = 5
		ArainUI\ArainUI.Shared\ArainUI.Shared.projitems*{0d915fbb-459a-4339-9aaf-9f9313dd474e}*SharedItemsImports = 5
		ArainUI\ArainUI.Shared\ArainUI.Shared.projitems*{274e33fd-ee46-40ed-9097-42671126d606}*SharedItemsImports = 4
		ArainUI\ArainUI.Shared\ArainUI.Shared.projitems*{369a343f-57c7-40ef-a10f-8497908292b5}*SharedItemsImports = 5
		ArainUI\ArainUI.Shared\ArainUI.Shared.projitems*{3f3d04a5-1cac-4ed7-89e3-a21ac7b37b9f}*SharedItemsImports = 4
		ArainUI\ArainUI.Shared\ArainUI.Shared.projitems*{44b7de39-9e30-4518-82f3-878508cf8bad}*SharedItemsImports = 5
		ArainUI\ArainUI.Shared\ArainUI.Shared.projitems*{6279c845-92f8-4333-ab99-3d213163593c}*SharedItemsImports = 13
	EndGlobalSection
EndGlobal
